
Microsoft Visual Studio Solution File, Format Version 12.00
# Visual Studio Version 17
VisualStudioVersion = 17.11.35222.181
MinimumVisualStudioVersion = 10.0.40219.1
Project("{FAE04EC0-301F-11D3-BF4B-00C04F79EFBC}") = "4M03EntryZdarzenia", "4M03EntryZdarzenia\4M03EntryZdarzenia.csproj", "{24709CF7-2468-4A99-8CB8-4690A4F1862A}"
EndProject
Global
	GlobalSection(SolutionConfigurationPlatforms) = preSolution
		Debug|Any CPU = Debug|Any CPU
		Release|Any CPU = Release|Any CPU
	EndGlobalSection
	GlobalSection(ProjectConfigurationPlatforms) = postSolution
		{24709CF7-2468-4A99-8CB8-4690A4F1862A}.Debug|Any CPU.ActiveCfg = Debug|Any CPU
		{24709CF7-2468-4A99-8CB8-4690A4F1862A}.Debug|Any CPU.Build.0 = Debug|Any CPU
		{24709CF7-2468-4A99-8CB8-4690A4F1862A}.Debug|Any CPU.Deploy.0 = Debug|Any CPU
		{24709CF7-2468-4A99-8CB8-4690A4F1862A}.Release|Any CPU.ActiveCfg = Release|Any CPU
		{24709CF7-2468-4A99-8CB8-4690A4F1862A}.Release|Any CPU.Build.0 = Release|Any CPU
		{24709CF7-2468-4A99-8CB8-4690A4F1862A}.Release|Any CPU.Deploy.0 = Release|Any CPU
	EndGlobalSection
	GlobalSection(SolutionProperties) = preSolution
		HideSolutionNode = FALSE
	EndGlobalSection
	GlobalSection(ExtensibilityGlobals) = postSolution
		SolutionGuid = {193761F9-A721-4CD7-A181-7DAEF70E1E37}
	EndGlobalSection
EndGlobal
